
Microsoft Visual Studio Solution File, Format Version 12.00
Project("{FAE04EC0-301F-11D3-BF4B-00C04F79EFBC}") = "Razor Pags 2", "Razor Pags 2\Razor Pags 2.csproj", "{C9E8EC1B-FE2E-494A-92E2-C27611AF582D}"
EndProject
Global
	GlobalSection(SolutionConfigurationPlatforms) = preSolution
		Debug|Any CPU = Debug|Any CPU
		Release|Any CPU = Release|Any CPU
	EndGlobalSection
	GlobalSection(ProjectConfigurationPlatforms) = postSolution
		{C9E8EC1B-FE2E-494A-92E2-C27611AF582D}.Debug|Any CPU.ActiveCfg = Debug|Any CPU
		{C9E8EC1B-FE2E-494A-92E2-C27611AF582D}.Debug|Any CPU.Build.0 = Debug|Any CPU
		{C9E8EC1B-FE2E-494A-92E2-C27611AF582D}.Release|Any CPU.ActiveCfg = Release|Any CPU
		{C9E8EC1B-FE2E-494A-92E2-C27611AF582D}.Release|Any CPU.Build.0 = Release|Any CPU
	EndGlobalSection
EndGlobal
